
Microsoft Visual Studio Solution File, Format Version 12.00
# Visual Studio Version 17
VisualStudioVersion = 17.14.36301.6 d17.14
MinimumVisualStudioVersion = 10.0.40219.1
Project("{FAE04EC0-301F-11D3-BF4B-00C04F79EFBC}") = "IRS4TT", "IRS4TT\IRS4TT.csproj", "{335211FE-D65F-4F72-A0BB-D46D81A4DF41}"
EndProject
Global
	GlobalSection(SolutionConfigurationPlatforms) = preSolution
		Debug|Any CPU = Debug|Any CPU
		Release|Any CPU = Release|Any CPU
	EndGlobalSection
	GlobalSection(ProjectConfigurationPlatforms) = postSolution
		{335211FE-D65F-4F72-A0BB-D46D81A4DF41}.Debug|Any CPU.ActiveCfg = Debug|Any CPU
		{335211FE-D65F-4F72-A0BB-D46D81A4DF41}.Debug|Any CPU.Build.0 = Debug|Any CPU
		{335211FE-D65F-4F72-A0BB-D46D81A4DF41}.Release|Any CPU.ActiveCfg = Release|Any CPU
		{335211FE-D65F-4F72-A0BB-D46D81A4DF41}.Release|Any CPU.Build.0 = Release|Any CPU
	EndGlobalSection
	GlobalSection(SolutionProperties) = preSolution
		HideSolutionNode = FALSE
	EndGlobalSection
	GlobalSection(ExtensibilityGlobals) = postSolution
		SolutionGuid = {805C89E2-91DD-44C2-8E70-1D3D7E212E9D}
	EndGlobalSection
EndGlobal
